
Microsoft Visual Studio Solution File, Format Version 12.00
# Visual Studio 14
VisualStudioVersion = 14.0.24720.0
MinimumVisualStudioVersion = 10.0.40219.1
Project("{FAE04EC0-301F-11D3-BF4B-00C04F79EFBC}") = "EasyCharts", "ExcelAddIn_Graphics\EasyCharts.csproj", "{C5F3F060-28C4-4BAD-8FDB-0E3BE0E28B2B}"
EndProject
Project("{FAE04EC0-301F-11D3-BF4B-00C04F79EFBC}") = "CaptureImageTool", "ExcelAddIn_Graphics\CaptureImageTool\CaptureImageTool.csproj", "{13E62362-5D00-418F-83FF-99B2699746D7}"
EndProject
Project("{FAE04EC0-301F-11D3-BF4B-00C04F79EFBC}") = "nQuant.Core", "ExcelAddIn_Graphics\ColorPalette\ColorPalette\nQuant.Core\nQuant.Core.csproj", "{A59307EA-FCB0-4110-BC42-0417871C24C4}"
EndProject
Project("{FAE04EC0-301F-11D3-BF4B-00C04F79EFBC}") = "ColorManagment", "ExcelAddIn_Graphics\ColorManagment\ColorManagment\ColorManagment.csproj", "{732EBACF-9743-4C22-85F7-3284BA046C0C}"
EndProject
Project("{FAE04EC0-301F-11D3-BF4B-00C04F79EFBC}") = "ICCReader", "ExcelAddIn_Graphics\ColorManagment\ICCReader\ICCReader.csproj", "{509FD9FF-7AF6-4554-8442-FE802A3B03CA}"
EndProject
Global
	GlobalSection(SolutionConfigurationPlatforms) = preSolution
		Debug|Any CPU = Debug|Any CPU
		Debug|x64 = Debug|x64
		Debug|x86 = Debug|x86
		DLL|Any CPU = DLL|Any CPU
		DLL|x64 = DLL|x64
		DLL|x86 = DLL|x86
		Release|Any CPU = Release|Any CPU
		Release|x64 = Release|x64
		Release|x86 = Release|x86
	EndGlobalSection
	GlobalSection(ProjectConfigurationPlatforms) = postSolution
		{C5F3F060-28C4-4BAD-8FDB-0E3BE0E28B2B}.Debug|Any CPU.ActiveCfg = Debug|Any CPU
		{C5F3F060-28C4-4BAD-8FDB-0E3BE0E28B2B}.Debug|Any CPU.Build.0 = Debug|Any CPU
		{C5F3F060-28C4-4BAD-8FDB-0E3BE0E28B2B}.Debug|x64.ActiveCfg = Debug|x64
		{C5F3F060-28C4-4BAD-8FDB-0E3BE0E28B2B}.Debug|x64.Build.0 = Debug|x64
		{C5F3F060-28C4-4BAD-8FDB-0E3BE0E28B2B}.Debug|x86.ActiveCfg = Debug|x86
		{C5F3F060-28C4-4BAD-8FDB-0E3BE0E28B2B}.Debug|x86.Build.0 = Debug|x86
		{C5F3F060-28C4-4BAD-8FDB-0E3BE0E28B2B}.DLL|Any CPU.ActiveCfg = Debug|Any CPU
		{C5F3F060-28C4-4BAD-8FDB-0E3BE0E28B2B}.DLL|Any CPU.Build.0 = Debug|Any CPU
		{C5F3F060-28C4-4BAD-8FDB-0E3BE0E28B2B}.DLL|x64.ActiveCfg = Debug|x64
		{C5F3F060-28C4-4BAD-8FDB-0E3BE0E28B2B}.DLL|x64.Build.0 = Debug|x64
		{C5F3F060-28C4-4BAD-8FDB-0E3BE0E28B2B}.DLL|x86.ActiveCfg = Debug|x86
		{C5F3F060-28C4-4BAD-8FDB-0E3BE0E28B2B}.DLL|x86.Build.0 = Debug|x86
		{C5F3F060-28C4-4BAD-8FDB-0E3BE0E28B2B}.Release|Any CPU.ActiveCfg = Release|Any CPU
		{C5F3F060-28C4-4BAD-8FDB-0E3BE0E28B2B}.Release|Any CPU.Build.0 = Release|Any CPU
		{C5F3F060-28C4-4BAD-8FDB-0E3BE0E28B2B}.Release|x64.ActiveCfg = Release|x64
		{C5F3F060-28C4-4BAD-8FDB-0E3BE0E28B2B}.Release|x64.Build.0 = Release|x64
		{C5F3F060-28C4-4BAD-8FDB-0E3BE0E28B2B}.Release|x86.ActiveCfg = Release|x86
		{C5F3F060-28C4-4BAD-8FDB-0E3BE0E28B2B}.Release|x86.Build.0 = Release|x86
		{13E62362-5D00-418F-83FF-99B2699746D7}.Debug|Any CPU.ActiveCfg = Debug|Any CPU
		{13E62362-5D00-418F-83FF-99B2699746D7}.Debug|Any CPU.Build.0 = Debug|Any CPU
		{13E62362-5D00-418F-83FF-99B2699746D7}.Debug|x64.ActiveCfg = Debug|Any CPU
		{13E62362-5D00-418F-83FF-99B2699746D7}.Debug|x64.Build.0 = Debug|Any CPU
		{13E62362-5D00-418F-83FF-99B2699746D7}.Debug|x86.ActiveCfg = Debug|Any CPU
		{13E62362-5D00-418F-83FF-99B2699746D7}.Debug|x86.Build.0 = Debug|Any CPU
		{13E62362-5D00-418F-83FF-99B2699746D7}.DLL|Any CPU.ActiveCfg = Debug|Any CPU
		{13E62362-5D00-418F-83FF-99B2699746D7}.DLL|Any CPU.Build.0 = Debug|Any CPU
		{13E62362-5D00-418F-83FF-99B2699746D7}.DLL|x64.ActiveCfg = Debug|Any CPU
		{13E62362-5D00-418F-83FF-99B2699746D7}.DLL|x64.Build.0 = Debug|Any CPU
		{13E62362-5D00-418F-83FF-99B2699746D7}.DLL|x86.ActiveCfg = Debug|Any CPU
		{13E62362-5D00-418F-83FF-99B2699746D7}.DLL|x86.Build.0 = Debug|Any CPU
		{13E62362-5D00-418F-83FF-99B2699746D7}.Release|Any CPU.ActiveCfg = Release|Any CPU
		{13E62362-5D00-418F-83FF-99B2699746D7}.Release|Any CPU.Build.0 = Release|Any CPU
		{13E62362-5D00-418F-83FF-99B2699746D7}.Release|x64.ActiveCfg = Release|Any CPU
		{13E62362-5D00-418F-83FF-99B2699746D7}.Release|x64.Build.0 = Release|Any CPU
		{13E62362-5D00-418F-83FF-99B2699746D7}.Release|x86.ActiveCfg = Release|Any CPU
		{13E62362-5D00-418F-83FF-99B2699746D7}.Release|x86.Build.0 = Release|Any CPU
		{A59307EA-FCB0-4110-BC42-0417871C24C4}.Debug|Any CPU.ActiveCfg = Debug|Any CPU
		{A59307EA-FCB0-4110-BC42-0417871C24C4}.Debug|Any CPU.Build.0 = Debug|Any CPU
		{A59307EA-FCB0-4110-BC42-0417871C24C4}.Debug|x64.ActiveCfg = Debug|Any CPU
		{A59307EA-FCB0-4110-BC42-0417871C24C4}.Debug|x64.Build.0 = Debug|Any CPU
		{A59307EA-FCB0-4110-BC42-0417871C24C4}.Debug|x86.ActiveCfg = Debug|Any CPU
		{A59307EA-FCB0-4110-BC42-0417871C24C4}.Debug|x86.Build.0 = Debug|Any CPU
		{A59307EA-FCB0-4110-BC42-0417871C24C4}.DLL|Any CPU.ActiveCfg = Debug|Any CPU
		{A59307EA-FCB0-4110-BC42-0417871C24C4}.DLL|Any CPU.Build.0 = Debug|Any CPU
		{A59307EA-FCB0-4110-BC42-0417871C24C4}.DLL|x64.ActiveCfg = Debug|Any CPU
		{A59307EA-FCB0-4110-BC42-0417871C24C4}.DLL|x64.Build.0 = Debug|Any CPU
		{A59307EA-FCB0-4110-BC42-0417871C24C4}.DLL|x86.ActiveCfg = Debug|Any CPU
		{A59307EA-FCB0-4110-BC42-0417871C24C4}.DLL|x86.Build.0 = Debug|Any CPU
		{A59307EA-FCB0-4110-BC42-0417871C24C4}.Release|Any CPU.ActiveCfg = Release|Any CPU
		{A59307EA-FCB0-4110-BC42-0417871C24C4}.Release|Any CPU.Build.0 = Release|Any CPU
		{A59307EA-FCB0-4110-BC42-0417871C24C4}.Release|x64.ActiveCfg = Release|Any CPU
		{A59307EA-FCB0-4110-BC42-0417871C24C4}.Release|x64.Build.0 = Release|Any CPU
		{A59307EA-FCB0-4110-BC42-0417871C24C4}.Release|x86.ActiveCfg = Release|Any CPU
		{A59307EA-FCB0-4110-BC42-0417871C24C4}.Release|x86.Build.0 = Release|Any CPU
		{732EBACF-9743-4C22-85F7-3284BA046C0C}.Debug|Any CPU.ActiveCfg = Debug|Any CPU
		{732EBACF-9743-4C22-85F7-3284BA046C0C}.Debug|Any CPU.Build.0 = Debug|Any CPU
		{732EBACF-9743-4C22-85F7-3284BA046C0C}.Debug|x64.ActiveCfg = Debug|Any CPU
		{732EBACF-9743-4C22-85F7-3284BA046C0C}.Debug|x64.Build.0 = Debug|Any CPU
		{732EBACF-9743-4C22-85F7-3284BA046C0C}.Debug|x86.ActiveCfg = Debug|Any CPU
		{732EBACF-9743-4C22-85F7-3284BA046C0C}.Debug|x86.Build.0 = Debug|Any CPU
		{732EBACF-9743-4C22-85F7-3284BA046C0C}.DLL|Any CPU.ActiveCfg = Debug|Any CPU
		{732EBACF-9743-4C22-85F7-3284BA046C0C}.DLL|Any CPU.Build.0 = Debug|Any CPU
		{732EBACF-9743-4C22-85F7-3284BA046C0C}.DLL|x64.ActiveCfg = Debug|Any CPU
		{732EBACF-9743-4C22-85F7-3284BA046C0C}.DLL|x64.Build.0 = Debug|Any CPU
		{732EBACF-9743-4C22-85F7-3284BA046C0C}.DLL|x86.ActiveCfg = Debug|Any CPU
		{732EBACF-9743-4C22-85F7-3284BA046C0C}.DLL|x86.Build.0 = Debug|Any CPU
		{732EBACF-9743-4C22-85F7-3284BA046C0C}.Release|Any CPU.ActiveCfg = Release|Any CPU
		{732EBACF-9743-4C22-85F7-3284BA046C0C}.Release|Any CPU.Build.0 = Release|Any CPU
		{732EBACF-9743-4C22-85F7-3284BA046C0C}.Release|x64.ActiveCfg = Release|Any CPU
		{732EBACF-9743-4C22-85F7-3284BA046C0C}.Release|x64.Build.0 = Release|Any CPU
		{732EBACF-9743-4C22-85F7-3284BA046C0C}.Release|x86.ActiveCfg = Release|Any CPU
		{732EBACF-9743-4C22-85F7-3284BA046C0C}.Release|x86.Build.0 = Release|Any CPU
		{509FD9FF-7AF6-4554-8442-FE802A3B03CA}.Debug|Any CPU.ActiveCfg = Debug|Any CPU
		{509FD9FF-7AF6-4554-8442-FE802A3B03CA}.Debug|Any CPU.Build.0 = Debug|Any CPU
		{509FD9FF-7AF6-4554-8442-FE802A3B03CA}.Debug|x64.ActiveCfg = Debug|Any CPU
		{509FD9FF-7AF6-4554-8442-FE802A3B03CA}.Debug|x64.Build.0 = Debug|Any CPU
		{509FD9FF-7AF6-4554-8442-FE802A3B03CA}.Debug|x86.ActiveCfg = Debug|Any CPU
		{509FD9FF-7AF6-4554-8442-FE802A3B03CA}.Debug|x86.Build.0 = Debug|Any CPU
		{509FD9FF-7AF6-4554-8442-FE802A3B03CA}.DLL|Any CPU.ActiveCfg = Debug|Any CPU
		{509FD9FF-7AF6-4554-8442-FE802A3B03CA}.DLL|Any CPU.Build.0 = Debug|Any CPU
		{509FD9FF-7AF6-4554-8442-FE802A3B03CA}.DLL|x64.ActiveCfg = Debug|Any CPU
		{509FD9FF-7AF6-4554-8442-FE802A3B03CA}.DLL|x64.Build.0 = Debug|Any CPU
		{509FD9FF-7AF6-4554-8442-FE802A3B03CA}.DLL|x86.ActiveCfg = Debug|Any CPU
		{509FD9FF-7AF6-4554-8442-FE802A3B03CA}.DLL|x86.Build.0 = Debug|Any CPU
		{509FD9FF-7AF6-4554-8442-FE802A3B03CA}.Release|Any CPU.ActiveCfg = Release|Any CPU
		{509FD9FF-7AF6-4554-8442-FE802A3B03CA}.Release|Any CPU.Build.0 = Release|Any CPU
		{509FD9FF-7AF6-4554-8442-FE802A3B03CA}.Release|x64.ActiveCfg = Release|Any CPU
		{509FD9FF-7AF6-4554-8442-FE802A3B03CA}.Release|x64.Build.0 = Release|Any CPU
		{509FD9FF-7AF6-4554-8442-FE802A3B03CA}.Release|x86.ActiveCfg = Release|Any CPU
		{509FD9FF-7AF6-4554-8442-FE802A3B03CA}.Release|x86.Build.0 = Release|Any CPU
	EndGlobalSection
	GlobalSection(SolutionProperties) = preSolution
		HideSolutionNode = FALSE
	EndGlobalSection
EndGlobal
